%{
  "connection": {:hex, :connection, "1.0.4", "a1cae72211f0eef17705aaededacac3eb30e6625b04a6117c1b2db6ace7d5976", [], [], "hexpm"},
  "db_connection": {:hex, :db_connection, "1.1.3", "89b30ca1ef0a3b469b1c779579590688561d586694a3ce8792985d4d7e575a61", [], [{:connection, "~> 1.0.2", [hex: :connection, repo: "hexpm", optional: false]}, {:poolboy, "~> 1.5", [hex: :poolboy, repo: "hexpm", optional: true]}, {:sbroker, "~> 1.0", [hex: :sbroker, repo: "hexpm", optional: true]}], "hexpm"},
  "gen_mqtt": {:hex, :gen_mqtt, "0.4.0", "5e6a3b11354ccf6f6638d381ca37cf6bb5a21c18f849dad5ac3761b9260731c6", [], [{:vmq_commons, "1.0.0", [hex: :vmq_commons, repo: "hexpm", optional: false]}], "hexpm"},
  "mongodb": {:hex, :mongodb, "0.4.4", "8def7abbe77938ac314d94eedecab1778e678d434889383d638ad2a230edd4e3", [], [{:connection, "~> 1.0", [hex: :connection, repo: "hexpm", optional: false]}, {:db_connection, "~> 1.1", [hex: :db_connection, repo: "hexpm", optional: false]}], "hexpm"},
  "vmq_commons": {:hex, :vmq_commons, "1.0.0", "5f5005c12db33f92f40e818a3617fb148972d59adcf99298c9d3808ef3582e34", [], [], "hexpm"},
}
